
Microsoft Visual Studio Solution File, Format Version 12.00
# Visual Studio Version 17
VisualStudioVersion = 17.5.33530.505
MinimumVisualStudioVersion = 10.0.40219.1
Project("{FAE04EC0-301F-11D3-BF4B-00C04F79EFBC}") = "DAO", "DAO\DAO.csproj", "{8EE13E23-5B47-489E-BB87-463CDA349066}"
EndProject
Project("{FAE04EC0-301F-11D3-BF4B-00C04F79EFBC}") = "Domain", "Domain\Domain.csproj", "{DD3B383E-B2A9-41C4-AA0E-44AEAA06530E}"
EndProject
Project("{FAE04EC0-301F-11D3-BF4B-00C04F79EFBC}") = "Logic", "Logic\Logic.csproj", "{6B85DCDD-4859-400E-B9CD-38A1738B7BF4}"
EndProject
Project("{FAE04EC0-301F-11D3-BF4B-00C04F79EFBC}") = "Services", "Services\Services.csproj", "{30A9EAEE-06F2-4643-9E83-427B62BEBD76}"
EndProject
Project("{FAE04EC0-301F-11D3-BF4B-00C04F79EFBC}") = "Console-UI", "Console-UI\Console-UI.csproj", "{3114590E-D01C-482C-889B-7246752C8B74}"
EndProject
Global
	GlobalSection(SolutionConfigurationPlatforms) = preSolution
		Debug|Any CPU = Debug|Any CPU
		Release|Any CPU = Release|Any CPU
	EndGlobalSection
	GlobalSection(ProjectConfigurationPlatforms) = postSolution
		{8EE13E23-5B47-489E-BB87-463CDA349066}.Debug|Any CPU.ActiveCfg = Debug|Any CPU
		{8EE13E23-5B47-489E-BB87-463CDA349066}.Debug|Any CPU.Build.0 = Debug|Any CPU
		{8EE13E23-5B47-489E-BB87-463CDA349066}.Release|Any CPU.ActiveCfg = Release|Any CPU
		{8EE13E23-5B47-489E-BB87-463CDA349066}.Release|Any CPU.Build.0 = Release|Any CPU
		{DD3B383E-B2A9-41C4-AA0E-44AEAA06530E}.Debug|Any CPU.ActiveCfg = Debug|Any CPU
		{DD3B383E-B2A9-41C4-AA0E-44AEAA06530E}.Debug|Any CPU.Build.0 = Debug|Any CPU
		{DD3B383E-B2A9-41C4-AA0E-44AEAA06530E}.Release|Any CPU.ActiveCfg = Release|Any CPU
		{DD3B383E-B2A9-41C4-AA0E-44AEAA06530E}.Release|Any CPU.Build.0 = Release|Any CPU
		{6B85DCDD-4859-400E-B9CD-38A1738B7BF4}.Debug|Any CPU.ActiveCfg = Debug|Any CPU
		{6B85DCDD-4859-400E-B9CD-38A1738B7BF4}.Debug|Any CPU.Build.0 = Debug|Any CPU
		{6B85DCDD-4859-400E-B9CD-38A1738B7BF4}.Release|Any CPU.ActiveCfg = Release|Any CPU
		{6B85DCDD-4859-400E-B9CD-38A1738B7BF4}.Release|Any CPU.Build.0 = Release|Any CPU
		{30A9EAEE-06F2-4643-9E83-427B62BEBD76}.Debug|Any CPU.ActiveCfg = Debug|Any CPU
		{30A9EAEE-06F2-4643-9E83-427B62BEBD76}.Debug|Any CPU.Build.0 = Debug|Any CPU
		{30A9EAEE-06F2-4643-9E83-427B62BEBD76}.Release|Any CPU.ActiveCfg = Release|Any CPU
		{30A9EAEE-06F2-4643-9E83-427B62BEBD76}.Release|Any CPU.Build.0 = Release|Any CPU
		{3114590E-D01C-482C-889B-7246752C8B74}.Debug|Any CPU.ActiveCfg = Debug|Any CPU
		{3114590E-D01C-482C-889B-7246752C8B74}.Debug|Any CPU.Build.0 = Debug|Any CPU
		{3114590E-D01C-482C-889B-7246752C8B74}.Release|Any CPU.ActiveCfg = Release|Any CPU
		{3114590E-D01C-482C-889B-7246752C8B74}.Release|Any CPU.Build.0 = Release|Any CPU
	EndGlobalSection
	GlobalSection(SolutionProperties) = preSolution
		HideSolutionNode = FALSE
	EndGlobalSection
	GlobalSection(ExtensibilityGlobals) = postSolution
		SolutionGuid = {4248AEEA-D559-46D9-81B3-97185191660F}
	EndGlobalSection
EndGlobal
